{
  "name": "fathom",
  "version": "0.0.0",
  "lockfileVersion": 3,
  "requires": true,
  "packages": {
    "": {
      "name": "fathom",
      "version": "0.0.0",
      "dependencies": {
        "lucide-react": "^1.29.0",
        "react": "^19.2.8",
        "react-dom": "^19.2.8"
      },
      "devDependencies": {
        "@types/react": "^19.2.17",
        "@types/react-dom": "^19.2.3",
        "@vitejs/plugin-react": "^6.0.4",
        "oxlint": "^1.75.0",
        "vite": "^8.2.0"
      }
    },
    "node_modules/@oxc-project/types": {
      "version": "0.143.0",
      "resolved": "https://registry.npmjs.org/@oxc-project/types/-/types-0.143.0.tgz",
      "integrity": "sha512-u6JZdLBTLotrNC9Vd6vPssINdzcCzleKAH6EJKImQb7GtYvX5keN2dxkoK44stCc4tffE6QQRtZTXVSzsLUlWA==",
      "dev": true,
      "license": "MIT",
      "funding": {
        "url": "https://github.com/sponsors/Boshen"
      }
    },
    "node_modules/@oxlint/binding-android-arm-eabi": {
      "version": "1.77.0",
      "resolved": "https://registry.npmjs.org/@oxlint/binding-android-arm-eabi/-/binding-android-arm-eabi-1.77.0.tgz",
      "integrity": "sha512-E06sKWS6PiI6HRxS1wyQg22HvApt01hI7fV+T3wUk3OSbaaP4a3hYGY/MIQDmASqCiRjBdpRQYkgMkqH82cWmQ==",
      "cpu": [
        "arm"
      ],
      "dev": true,
      "license": "MIT",
      "optional": true,
      "os": [
        "android"
      ],
      "engines": {
        "node": "^20.19.0 || >=22.12.0"
      }
    },
    "node_modules/@oxlint/binding-android-arm64": {
      "version": "1.77.0",
      "resolved": "https://registry.npmjs.org/@oxlint/binding-android-arm64/-/binding-android-arm64-1.77.0.tgz",
      "integrity": "sha512-NvsKz0KZxTp9cYWPLf+FXaSZwB3oO3peAjtukpOMBgse2vhQSoIIVqeO1yR0lEo/UcdZIDL18uq+kL0LzQ0ytA==",
      "cpu": [
        "arm64"
      ],
      "dev": true,
      "license": "MIT",
      "optional": true,
      "os": [
        "android"
      ],
      "engines": {
        "node": "^20.19.0 || >=22.12.0"
      }
    },
    "node_modules/@oxlint/binding-darwin-arm64": {
      "version": "1.77.0",
      "resolved": "https://registry.npmjs.org/@oxlint/binding-darwin-arm64/-/binding-darwin-arm64-1.77.0.tgz",
      "integrity": "sha512-bgjTn6nW4bQCFBvSvuHCpDD+sONvmpo4lGI4PxzMt1quBA+xYxhczk6RiCn3GZ9gY8uhaBbwhj9MdKGfu6T9DA==",
      "cpu": [
        "arm64"
      ],
      "dev": true,
      "license": "MIT",
      "optional": true,
      "os": [
        "darwin"
      ],
      "engines": {
        "node": "^20.19.0 || >=22.12.0"
      }
    },
    "node_modules/@oxlint/binding-darwin-x64": {
      "version": "1.77.0",
      "resolved": "https://registry.npmjs.org/@oxlint/binding-darwin-x64/-/binding-darwin-x64-1.77.0.tgz",
      "integrity": "sha512-aotaIttH1R6j1Rwhx0M0htgeZyGtVQqYNTVEYMN/UcgHPquGA6kmk9OyuDc3a2GKUQBC+3C3GVQCcrRPMYqAFA==",
      "cpu": [
        "x64"
      ],
      "dev": true,
      "license": "MIT",
      "optional": true,
      "os": [
        "darwin"
      ],
      "engines": {
        "node": "^20.19.0 || >=22.12.0"
      }
    },
    "node_modules/@oxlint/binding-freebsd-x64": {
      "version": "1.77.0",
      "resolved": "https://registry.npmjs.org/@oxlint/binding-freebsd-x64/-/binding-freebsd-x64-1.77.0.tgz",
      "integrity": "sha512-nNx/wta7ksRAdYvq+l4AWjXkLxEXHALhENxjj2cYbQAIR4ybaA5L+hCbE63HOmft5czQ6ks+hb8vmEAnn7YGPg==",
      "cpu": [
        "x64"
      ],
      "dev": true,
      "license": "MIT",
      "optional": true,
      "os": [
        "freebsd"
      ],
      "engines": {
        "node": "^20.19.0 || >=22.12.0"
      }
    },
    "node_modules/@oxlint/binding-linux-arm-gnueabihf": {
      "version": "1.77.0",
      "resolved": "https://registry.npmjs.org/@oxlint/binding-linux-arm-gnueabihf/-/binding-linux-arm-gnueabihf-1.77.0.tgz",
      "integrity": "sha512-tMLLjM7xXtzXisVCzkOTXNCy9bZVId2wteNwjohlFDR/jY6WagpEDA1c1wu4xRc20Hojaxj+V6DSR7gbKxijWA==",
      "cpu": [
        "arm"
      ],
      "dev": true,
      "license": "MIT",
      "optional": true,
      "os": [
        "linux"
      ],
      "engines": {
        "node": "^20.19.0 || >=22.12.0"
      }
    },
    "node_modules/@oxlint/binding-linux-arm-musleabihf": {
      "version": "1.77.0",
      "resolved": "https://registry.npmjs.org/@oxlint/binding-linux-arm-musleabihf/-/binding-linux-arm-musleabihf-1.77.0.tgz",
      "integrity": "sha512-MiAFDFaqR0tmHTAyo0YDcZ5hyLREdYw/RQhc2R3cbT+8O3tB+zqPM2th9TTQ+Uo3jn/embS+DO+HyX9ztCPkOQ==",
      "cpu": [
        "arm"
      ],
      "dev": true,
      "license": "MIT",
      "optional": true,
      "os": [
        "linux"
      ],
      "engines": {
        "node": "^20.19.0 || >=22.12.0"
      }
    },
    "node_modules/@oxlint/binding-linux-arm64-gnu": {
      "version": "1.77.0",
      "resolved": "https://registry.npmjs.org/@oxlint/binding-linux-arm64-gnu/-/binding-linux-arm64-gnu-1.77.0.tgz",
      "integrity": "sha512-/xqQ3B16i1T4cyt/9Mn+4CpzhUXoBXp7kVpIwzOXNFLj5JmK1bIjsbSnX296Gg8A/o7oDtKWikFgBx0SLwztkw==",
      "cpu": [
        "arm64"
      ],
      "dev": true,
      "license": "MIT",
      "optional": true,
      "os": [
        "linux"
      ],
      "engines": {
        "node": "^20.19.0 || >=22.12.0"
      }
    },
    "node_modules/@oxlint/binding-linux-arm64-musl": {
      "version": "1.77.0",
      "resolved": "https://registry.npmjs.org/@oxlint/binding-linux-arm64-musl/-/binding-linux-arm64-musl-1.77.0.tgz",
      "integrity": "sha512-LSbwuRKiNCenPDcbARqAZ5RfBy7gmj7vOvfJRLeCDU3gFtSxWbhv/+VTlaUqzUhNj1gFLHB8h7ALnxa/Az6z6g==",
      "cpu": [
        "arm64"
      ],
      "dev": true,
      "license": "MIT",
      "optional": true,
      "os": [
        "linux"
      ],
      "engines": {
        "node": "^20.19.0 || >=22.12.0"
      }
    },
    "node_modules/@oxlint/binding-linux-ppc64-gnu": {
      "version": "1.77.0",
      "resolved": "https://registry.npmjs.org/@oxlint/binding-linux-ppc64-gnu/-/binding-linux-ppc64-gnu-1.77.0.tgz",
      "integrity": "sha512-QWdcH31mXEUe5Nq1s0CfCpceaKjIo9uZtwDjAuL681g1axf+5x8xrg/eXWaw//4NCxYZ4V4e5Hu5tvdR+pTBlg==",
      "cpu": [
        "ppc64"
      ],
      "dev": true,
      "license": "MIT",
      "optional": true,
      "os": [
        "linux"
      ],
      "engines": {
        "node": "^20.19.0 || >=22.12.0"
      }
    },
    "node_modules/@oxlint/binding-linux-riscv64-gnu": {
      "version": "1.77.0",
      "resolved": "https://registry.npmjs.org/@oxlint/binding-linux-riscv64-gnu/-/binding-linux-riscv64-gnu-1.77.0.tgz",
      "integrity": "sha512-GnOfYgJxbcElOiPZaDFDl406ONddwvOWk2jvAAAEjwAl4GofNoHF+/HHUIBYa6bFCArlcGPi0XjC4cU1pkgF/Q==",
      "cpu": [
        "riscv64"
      ],
      "dev": true,
      "license": "MIT",
      "optional": true,
      "os": [
        "linux"
      ],
      "engines": {
        "node": "^20.19.0 || >=22.12.0"
      }
    },
    "node_modules/@oxlint/binding-linux-riscv64-musl": {
      "version": "1.77.0",
      "resolved": "https://registry.npmjs.org/@oxlint/binding-linux-riscv64-musl/-/binding-linux-riscv64-musl-1.77.0.tgz",
      "integrity": "sha512-AyEMTUCf0xY+hHF+IxqXFQIX0yQOIR8ykpY0lJNOw9xYqOzUX8dyZfRvlG0RfXwuQn2eonf/8NrMmDSZJjdqsA==",
      "cpu": [
        "riscv64"
      ],
      "dev": true,
      "license": "MIT",
      "optional": true,
      "os": [
        "linux"
      ],
      "engines": {
        "node": "^20.19.0 || >=22.12.0"
      }
    },
    "node_modules/@oxlint/binding-linux-s390x-gnu": {
      "version": "1.77.0",
      "resolved": "https://registry.npmjs.org/@oxlint/binding-linux-s390x-gnu/-/binding-linux-s390x-gnu-1.77.0.tgz",
      "integrity": "sha512-sPLzEcNvxd/oyVQ5oZo92CiHkFkpBeRop13E/P3TPY+hZfXHKCOWKI70TE2RYwMKFJDc20EMjH16L7NZICtKTw==",
      "cpu": [
        "s390x"
      ],
      "dev": true,
      "license": "MIT",
      "optional": true,
      "os": [
        "linux"
      ],
      "engines": {
        "node": "^20.19.0 || >=22.12.0"
      }
    },
    "node_modules/@oxlint/binding-linux-x64-gnu": {
      "version": "1.77.0",
      "resolved": "https://registry.npmjs.org/@oxlint/binding-linux-x64-gnu/-/binding-linux-x64-gnu-1.77.0.tgz",
      "integrity": "sha512-1Oh2ssH2L7lwyvkdSqaMUfsGfwU2Wfvew+obBUYjRVqhpBcUpwnsPSEr1IzVi9XqkuY10geiLsNKecqaZC34Dw==",
      "cpu": [
        "x64"
      ],
      "dev": true,
      "license": "MIT",
      "optional": true,
      "os": [
        "linux"
      ],
      "engines": {
        "node": "^20.19.0 || >=22.12.0"
      }
    },
    "node_modules/@oxlint/binding-linux-x64-musl": {
      "version": "1.77.0",
      "resolved": "https://registry.npmjs.org/@oxlint/binding-linux-x64-musl/-/binding-linux-x64-musl-1.77.0.tgz",
      "integrity": "sha512-0j/2wRgNGO+Qj/M1uu/p57h/hFTTWWcfie0ufkbabeus2s5+/QqkCflnMOwLLN5m2GsNeWp4xdl4cPa4n7QCOQ==",
      "cpu": [
        "x64"
      ],
      "dev": true,
      "license": "MIT",
      "optional": true,
      "os": [
        "linux"
      ],
      "engines": {
        "node": "^20.19.0 || >=22.12.0"
      }
    },
    "node_modules/@oxlint/binding-openharmony-arm64": {
      "version": "1.77.0",
      "resolved": "https://registry.npmjs.org/@oxlint/binding-openharmony-arm64/-/binding-openharmony-arm64-1.77.0.tgz",
      "integrity": "sha512-BJ/j54qS0usEnyDkLYURMj2iiD9h5Cyy+ppzeMSXBGRXaGRNWnj1Mw14NqWMR5E/PzdgB30OOCCzLzbRoduafw==",
      "cpu": [
        "arm64"
      ],
      "dev": true,
      "license": "MIT",
      "optional": true,
      "os": [
        "openharmony"
      ],
      "engines": {
        "node": "^20.19.0 || >=22.12.0"
      }
    },
    "node_modules/@oxlint/binding-win32-arm64-msvc": {
      "version": "1.77.0",
      "resolved": "https://registry.npmjs.org/@oxlint/binding-win32-arm64-msvc/-/binding-win32-arm64-msvc-1.77.0.tgz",
      "integrity": "sha512-Yh8w+g2Lpx7StrvtYkoz9JJvXjB9wxgFChFNb85nrXm/wj/XTwGWS1hve9+900HL7llrntYB3YP+y32E3tRqzA==",
      "cpu": [
        "arm64"
      ],
      "dev": true,
      "license": "MIT",
      "optional": true,
      "os": [
        "win32"
      ],
      "engines": {
        "node": "^20.19.0 || >=22.12.0"
      }
    },
    "node_modules/@oxlint/binding-win32-ia32-msvc": {
      "version": "1.77.0",
      "resolved": "https://registry.npmjs.org/@oxlint/binding-win32-ia32-msvc/-/binding-win32-ia32-msvc-1.77.0.tgz",
      "integrity": "sha512-zja5b7+6a7UsRFgAQSrnax5vrzliEyNPLCjfXONu/vTWswaIVZGFajJZptaeRvPE4LghtFdAzVFlexTm7MVTGA==",
      "cpu": [
        "ia32"
      ],
      "dev": true,
      "license": "MIT",
      "optional": true,
      "os": [
        "win32"
      ],
      "engines": {
        "node": "^20.19.0 || >=22.12.0"
      }
    },
    "node_modules/@oxlint/binding-win32-x64-msvc": {
      "version": "1.77.0",
      "resolved": "https://registry.npmjs.org/@oxlint/binding-win32-x64-msvc/-/binding-win32-x64-msvc-1.77.0.tgz",
      "integrity": "sha512-+teyvPDZ2RjUvo+SuCqS/UhaJl1QtdW5fWT5NJTV61V5MIuIS90Db9LixmtEGvXixyttiK62P96MSu3UlpviBw==",
      "cpu": [
        "x64"
      ],
      "dev": true,
      "license": "MIT",
      "optional": true,
      "os": [
        "win32"
      ],
      "engines": {
        "node": "^20.19.0 || >=22.12.0"
      }
    },
    "node_modules/@rolldown/binding-android-arm64": {
      "version": "1.2.3",
      "resolved": "https://registry.npmjs.org/@rolldown/binding-android-arm64/-/binding-android-arm64-1.2.3.tgz",
      "integrity": "sha512-zrJtHDcaZJ1Fp7xf4hNl+7seH9Cn/N5TwLYkhgXREtBwAd/jaqW3uqeHxpDugJLVICWg4eW44kOQEGJ1r6jCGw==",
      "cpu": [
        "arm64"
      ],
      "dev": true,
      "license": "MIT",
      "optional": true,
      "os": [
        "android"
      ],
      "engines": {
        "node": "^20.19.0 || >=22.12.0"
      }
    },
    "node_modules/@rolldown/binding-darwin-arm64": {
      "version": "1.2.3",
      "resolved": "https://registry.npmjs.org/@rolldown/binding-darwin-arm64/-/binding-darwin-arm64-1.2.3.tgz",
      "integrity": "sha512-ieIiibVCp0tX7TLu2cafoNPv8wJyYi01ekXpbf8q2j7F4rGAhhXb/eQh7ge9DRBY78GwmRQtvjZDux7EDbA8kA==",
      "cpu": [
        "arm64"
      ],
      "dev": true,
      "license": "MIT",
      "optional": true,
      "os": [
        "darwin"
      ],
      "engines": {
        "node": "^20.19.0 || >=22.12.0"
      }
    },
    "node_modules/@rolldown/binding-darwin-x64": {
      "version": "1.2.3",
      "resolved": "https://registry.npmjs.org/@rolldown/binding-darwin-x64/-/binding-darwin-x64-1.2.3.tgz",
      "integrity": "sha512-Zh9tCon19eDXJoihx0rqKhMUlMYqzwj3aPsSuHmI4RWZh62dWUL+DJN4C5YQya5TcQBJU/Fe8+rY0jhXTQITqA==",
      "cpu": [
        "x64"
      ],
      "dev": true,
      "license": "MIT",
      "optional": true,
      "os": [
        "darwin"
      ],
      "engines": {
        "node": "^20.19.0 || >=22.12.0"
      }
    },
    "node_modules/@rolldown/binding-freebsd-x64": {
      "version": "1.2.3",
      "resolved": "https://registry.npmjs.org/@rolldown/binding-freebsd-x64/-/binding-freebsd-x64-1.2.3.tgz",
      "integrity": "sha512-nGbJWewA1wrXXZiQhjAT5rhibGfns5ZNkDVqxsO6zJ3f3YvpoDNNmGMSbbhLuXKjNScaBJVOAboztAWVespQMg==",
      "cpu": [
        "x64"
      ],
      "dev": true,
      "license": "MIT",
      "optional": true,
      "os": [
        "freebsd"
      ],
      "engines": {
        "node": "^20.19.0 || >=22.12.0"
      }
    },
    "node_modules/@rolldown/binding-linux-arm-gnueabihf": {
      "version": "1.2.3",
      "resolved": "https://registry.npmjs.org/@rolldown/binding-linux-arm-gnueabihf/-/binding-linux-arm-gnueabihf-1.2.3.tgz",
      "integrity": "sha512-QNniJr5Kml0kDEB98jiDOJjXNroxIIi0IXIbdYzY26Xt1pVbeP62+KnoIZLwirOymX/0jDk/2gI/bNUv7A7OIw==",
      "cpu": [
        "arm"
      ],
      "dev": true,
      "license": "MIT",
      "optional": true,
      "os": [
        "linux"
      ],
      "engines": {
        "node": "^20.19.0 || >=22.12.0"
      }
    },
    "node_modules/@rolldown/binding-linux-arm64-gnu": {
      "version": "1.2.3",
      "resolved": "https://registry.npmjs.org/@rolldown/binding-linux-arm64-gnu/-/binding-linux-arm64-gnu-1.2.3.tgz",
      "integrity": "sha512-TkqEAcmmvH3I/q4114NB4RVt6241Dao48pF45uLcFGrwAaIn0iITgTAKP/dLjbN0R4buJjGb91+UHSoFmpgIWw==",
      "cpu": [
        "arm64"
      ],
      "dev": true,
      "license": "MIT",
      "optional": true,
      "os": [
        "linux"
      ],
      "engines": {
        "node": "^20.19.0 || >=22.12.0"
      }
    },
    "node_modules/@rolldown/binding-linux-arm64-musl": {
      "version": "1.2.3",
      "resolved": "https://registry.npmjs.org/@rolldown/binding-linux-arm64-musl/-/binding-linux-arm64-musl-1.2.3.tgz",
      "integrity": "sha512-NHqjnxpsndf4MPymxteFAWHHfkTL8HjWh1KB7z23ofZ6QO2euONuxDXjat69dKZRALnGypg8k8SsK8vZJoXv1Q==",
      "cpu": [
        "arm64"
      ],
      "dev": true,
      "license": "MIT",
      "optional": true,
      "os": [
        "linux"
      ],
      "engines": {
        "node": "^20.19.0 || >=22.12.0"
      }
    },
    "node_modules/@rolldown/binding-linux-ppc64-gnu": {
      "version": "1.2.3",
      "resolved": "https://registry.npmjs.org/@rolldown/binding-linux-ppc64-gnu/-/binding-linux-ppc64-gnu-1.2.3.tgz",
      "integrity": "sha512-6tbrbwfz5GB9DQ4Jwo6hy9v+vR31xZlvzZ6n5Xut6Hhx5PvrA9q/HsK8KMaYQp063iqZGXwNvZtYNLD7EM/x0w==",
      "cpu": [
        "ppc64"
      ],
      "dev": true,
      "license": "MIT",
      "optional": true,
      "os": [
        "linux"
      ],
      "engines": {
        "node": "^20.19.0 || >=22.12.0"
      }
    },
    "node_modules/@rolldown/binding-linux-s390x-gnu": {
      "version": "1.2.3",
      "resolved": "https://registry.npmjs.org/@rolldown/binding-linux-s390x-gnu/-/binding-linux-s390x-gnu-1.2.3.tgz",
      "integrity": "sha512-oyuXxXmoZHjXC917IAPFAAv4wWAa0cM9afk8nx1+9/jNNOX1uPf8yDA6p7G0RypOfw/X0PQt5IfoquY1um+zSg==",
      "cpu": [
        "s390x"
      ],
      "dev": true,
      "license": "MIT",
      "optional": true,
      "os": [
        "linux"
      ],
      "engines": {
        "node": "^20.19.0 || >=22.12.0"
      }
    },
    "node_modules/@rolldown/binding-linux-x64-gnu": {
      "version": "1.2.3",
      "resolved": "https://registry.npmjs.org/@rolldown/binding-linux-x64-gnu/-/binding-linux-x64-gnu-1.2.3.tgz",
      "integrity": "sha512-TytMwF2KVGqP2tgd0I1OY0PAv78dZRAYcF5ssDzjM34SUXCED3uXvSd5+lHoC0bTD6eEdFz7LdQNCO1y0oVk9w==",
      "cpu": [
        "x64"
      ],
      "dev": true,
      "license": "MIT",
      "optional": true,
      "os": [
        "linux"
      ],
      "engines": {
        "node": "^20.19.0 || >=22.12.0"
      }
    },
    "node_modules/@rolldown/binding-linux-x64-musl": {
      "version": "1.2.3",
      "resolved": "https://registry.npmjs.org/@rolldown/binding-linux-x64-musl/-/binding-linux-x64-musl-1.2.3.tgz",
      "integrity": "sha512-/E9m3qstrJFVPoULV25mVQblSNExY2+kBsYe4sy0Tn0yOOgJ8wZbZt3KnRbF/XeU2Gl1STKUQnDNTqhIE5MD4A==",
      "cpu": [
        "x64"
      ],
      "dev": true,
      "license": "MIT",
      "optional": true,
      "os": [
        "linux"
      ],
      "engines": {
        "node": "^20.19.0 || >=22.12.0"
      }
    },
    "node_modules/@rolldown/binding-openharmony-arm64": {
      "version": "1.2.3",
      "resolved": "https://registry.npmjs.org/@rolldown/binding-openharmony-arm64/-/binding-openharmony-arm64-1.2.3.tgz",
      "integrity": "sha512-Kr0OcsoQI816i6HOl3vFHpd1K0eZyh76zgfj4c1nTyaTsd5r2Mj1lwM4R90y/qaCfmTn9eHy0SKwi98eitRxug==",
      "cpu": [
        "arm64"
      ],
      "dev": true,
      "license": "MIT",
      "optional": true,
      "os": [
        "openharmony"
      ],
      "engines": {
        "node": "^20.19.0 || >=22.12.0"
      }
    },
    "node_modules/@rolldown/binding-win32-arm64-msvc": {
      "version": "1.2.3",
      "resolved": "https://registry.npmjs.org/@rolldown/binding-win32-arm64-msvc/-/binding-win32-arm64-msvc-1.2.3.tgz",
      "integrity": "sha512-hOtMwTqnME+/gJcH/PCZ0wn0zPUjiWOgkHpxbSJpfGKMezHltx1S7/k1SitzVa7Ww2cqrDDaFbZEhcJZO8o+Jw==",
      "cpu": [
        "arm64"
      ],
      "dev": true,
      "license": "MIT",
      "optional": true,
      "os": [
        "win32"
      ],
      "engines": {
        "node": "^20.19.0 || >=22.12.0"
      }
    },
    "node_modules/@rolldown/binding-win32-x64-msvc": {
      "version": "1.2.3",
      "resolved": "https://registry.npmjs.org/@rolldown/binding-win32-x64-msvc/-/binding-win32-x64-msvc-1.2.3.tgz",
      "integrity": "sha512-ekcqMMkI2PlhYnfzQnB/cEdYUVVJViWvoUyLrbzgDoi3Snfc1mVBwdnc306ufA5ejy8JSPjT2RlW1nQSjW7efg==",
      "cpu": [
        "x64"
      ],
      "dev": true,
      "license": "MIT",
      "optional": true,
      "os": [
        "win32"
      ],
      "engines": {
        "node": "^20.19.0 || >=22.12.0"
      }
    },
    "node_modules/@rolldown/pluginutils": {
      "version": "1.0.1",
      "resolved": "https://registry.npmjs.org/@rolldown/pluginutils/-/pluginutils-1.0.1.tgz",
      "integrity": "sha512-2j9bGt5Jh8hj+vPtgzPtl72j0yRxHAyumoo6TNfAjsLB04UtpSvPbPcDcBMxz7n+9CYB0c1GxQFxYRg2jimqGw==",
      "dev": true,
      "license": "MIT"
    },
    "node_modules/@types/react": {
      "version": "19.2.18",
      "resolved": "https://registry.npmjs.org/@types/react/-/react-19.2.18.tgz",
      "integrity": "sha512-AnzbBERsrLKtk2XSfTbYRLjQPdy116Sty4q+T+Bp3IC4l6jNBvreVPAHmpq9qhXQM7CXZPjLVmGMw9sy+hxQ3w==",
      "dev": true,
      "license": "MIT",
      "dependencies": {
        "csstype": "^3.2.2"
      }
    },
    "node_modules/@types/react-dom": {
      "version": "19.2.4",
      "resolved": "https://registry.npmjs.org/@types/react-dom/-/react-dom-19.2.4.tgz",
      "integrity": "sha512-Bsc+QHgp+P/F02XDzNCY9jnZNCUuLki36KT7VKrTXXLdHf+vHMNZnW1rVu5DNW/rCK+fya3DATySbLM4yhtKUw==",
      "dev": true,
      "license": "MIT",
      "peerDependencies": {
        "@types/react": "^19.2.0"
      }
    },
    "node_modules/@vitejs/plugin-react": {
      "version": "6.0.5",
      "resolved": "https://registry.npmjs.org/@vitejs/plugin-react/-/plugin-react-6.0.5.tgz",
      "integrity": "sha512-BOVzne/NL162sMdResB25mUv+vWMF5NoAjNf09TeGlE7ZpszZWSD3winycicLJw72yeVsoCn/2kOhEuCvEShMA==",
      "dev": true,
      "l